// !$*UTF8*$!
{
	archiveVersion = 1;
	classes = {
	};
	objectVersion = 55;
	objects = {

/* Begin PBXBuildFile section */
		1FEF05BA281FAE7700625284 /* KnockJokeViewController.swift in Sources */ = {isa = PBXBuildFile; fileRef = 1FEF05B9281FAE7700625284 /* KnockJokeViewController.swift */; };
		1FEF05BD281FBD3400625284 /* NextKnockViewController.swift in Sources */ = {isa = PBXBuildFile; fileRef = 1FEF05BC281FBD3400625284 /* NextKnockViewController.swift */; };
		1FFB9DE9281C9A4300EB4CFC /* AppDelegate.swift in Sources */ = {isa = PBXBuildFile; fileRef = 1FFB9DE8281C9A4300EB4CFC /* AppDelegate.swift */; };
		1FFB9DEB281C9A4300EB4CFC /* SceneDelegate.swift in Sources */ = {isa = PBXBuildFile; fileRef = 1FFB9DEA281C9A4300EB4CFC /* SceneDelegate.swift */; };
		1FFB9DED281C9A4300EB4CFC /* SwitchingViewController.swift in Sources */ = {isa = PBXBuildFile; fileRef = 1FFB9DEC281C9A4300EB4CFC /* SwitchingViewController.swift */; };
		1FFB9DF0281C9A4300EB4CFC /* Main.storyboard in Resources */ = {isa = PBXBuildFile; fileRef = 1FFB9DEE281C9A4300EB4CFC /* Main.storyboard */; };
		1FFB9DF2281C9A4400EB4CFC /* Assets.xcassets in Resources */ = {isa = PBXBuildFile; fileRef = 1FFB9DF1281C9A4400EB4CFC /* Assets.xcassets */; };
		1FFB9DF5281C9A4400EB4CFC /* LaunchScreen.storyboard in Resources */ = {isa = PBXBuildFile; fileRef = 1FFB9DF3281C9A4400EB4CFC /* LaunchScreen.storyboard */; };
		1FFB9DFD281CA28500EB4CFC /* GoodJokeViewController.swift in Sources */ = {isa = PBXBuildFile; fileRef = 1FFB9DFC281CA28500EB4CFC /* GoodJokeViewController.swift */; };
		1FFB9DFF281CA29C00EB4CFC /* PunJokeViewController.swift in Sources */ = {isa = PBXBuildFile; fileRef = 1FFB9DFE281CA29C00EB4CFC /* PunJokeViewController.swift */; };
		1FFB9E01281CA2AF00EB4CFC /* DadJokeViewController.swift in Sources */ = {isa = PBXBuildFile; fileRef = 1FFB9E00281CA2AF00EB4CFC /* DadJokeViewController.swift */; };
		1FFB9E03281E188200EB4CFC /* NextGoodViewController.swift in Sources */ = {isa = PBXBuildFile; fileRef = 1FFB9E02281E188200EB4CFC /* NextGoodViewController.swift */; };
		1FFB9E05281E18F700EB4CFC /* NextPunViewController.swift in Sources */ = {isa = PBXBuildFile; fileRef = 1FFB9E04281E18F700EB4CFC /* NextPunViewController.swift */; };
		1FFB9E07281E190200EB4CFC /* NextDadViewController.swift in Sources */ = {isa = PBXBuildFile; fileRef = 1FFB9E06281E190200EB4CFC /* NextDadViewController.swift */; };
/* End PBXBuildFile section */

/* Begin PBXFileReference section */
		1FEF05B9281FAE7700625284 /* KnockJokeViewController.swift */ = {isa = PBXFileReference; lastKnownFileType = sourcecode.swift; path = KnockJokeViewController.swift; sourceTree = "<group>"; };
		1FEF05BC281FBD3400625284 /* NextKnockViewController.swift */ = {isa = PBXFileReference; lastKnownFileType = sourcecode.swift; path = NextKnockViewController.swift; sourceTree = "<group>"; };
		1FFB9DE5281C9A4300EB4CFC /* ikid.app */ = {isa = PBXFileReference; explicitFileType = wrapper.application; includeInIndex = 0; path = ikid.app; sourceTree = BUILT_PRODUCTS_DIR; };
		1FFB9DE8281C9A4300EB4CFC /* AppDelegate.swift */ = {isa = PBXFileReference; lastKnownFileType = sourcecode.swift; path = AppDelegate.swift; sourceTree = "<group>"; };
		1FFB9DEA281C9A4300EB4CFC /* SceneDelegate.swift */ = {isa = PBXFileReference; lastKnownFileType = sourcecode.swift; path = SceneDelegate.swift; sourceTree = "<group>"; };
		1FFB9DEC281C9A4300EB4CFC /* SwitchingViewController.swift */ = {isa = PBXFileReference; lastKnownFileType = sourcecode.swift; path = SwitchingViewController.swift; sourceTree = "<group>"; };
		1FFB9DEF281C9A4300EB4CFC /* Base */ = {isa = PBXFileReference; lastKnownFileType = file.storyboard; name = Base; path = Base.lproj/Main.storyboard; sourceTree = "<group>"; };
		1FFB9DF1281C9A4400EB4CFC /* Assets.xcassets */ = {isa = PBXFileReference; lastKnownFileType = folder.assetcatalog; path = Assets.xcassets; sourceTree = "<group>"; };
		1FFB9DF4281C9A4400EB4CFC /* Base */ = {isa = PBXFileReference; lastKnownFileType = file.storyboard; name = Base; path = Base.lproj/LaunchScreen.storyboard; sourceTree = "<group>"; };
		1FFB9DF6281C9A4400EB4CFC /* Info.plist */ = {isa = PBXFileReference; lastKnownFileType = text.plist.xml; path = Info.plist; sourceTree = "<group>"; };
		1FFB9DFC281CA28500EB4CFC /* GoodJokeViewController.swift */ = {isa = PBXFileReference; lastKnownFileType = sourcecode.swift; path = GoodJokeViewController.swift; sourceTree = "<group>"; };
		1FFB9DFE281CA29C00EB4CFC /* PunJokeViewController.swift */ = {isa = PBXFileReference; lastKnownFileType = sourcecode.swift; path = PunJokeViewController.swift; sourceTree = "<group>"; };
		1FFB9E00281CA2AF00EB4CFC /* DadJokeViewController.swift */ = {isa = PBXFileReference; lastKnownFileType = sourcecode.swift; path = DadJokeViewController.swift; sourceTree = "<group>"; };
		1FFB9E02281E188200EB4CFC /* NextGoodViewController.swift */ = {isa = PBXFileReference; lastKnownFileType = sourcecode.swift; path = NextGoodViewController.swift; sourceTree = "<group>"; };
		1FFB9E04281E18F700EB4CFC /* NextPunViewController.swift */ = {isa = PBXFileReference; lastKnownFileType = sourcecode.swift; path = NextPunViewController.swift; sourceTree = "<group>"; };
		1FFB9E06281E190200EB4CFC /* NextDadViewController.swift */ = {isa = PBXFileReference; lastKnownFileType = sourcecode.swift; path = NextDadViewController.swift; sourceTree = "<group>"; };
/* End PBXFileReference section */

/* Begin PBXFrameworksBuildPhase section */
		1FFB9DE2281C9A4300EB4CFC /* Frameworks */ = {
			isa = PBXFrameworksBuildPhase;
			buildActionMask = 2147483647;
			files = (
			);
			runOnlyForDeploymentPostprocessing = 0;
		};
/* End PBXFrameworksBuildPhase section */

/* Begin PBXGroup section */
		1FFB9DDC281C9A4300EB4CFC = {
			isa = PBXGroup;
			children = (
				1FFB9DE7281C9A4300EB4CFC /* ikid */,
				1FFB9DE6281C9A4300EB4CFC /* Products */,
			);
			sourceTree = "<group>";
		};
		1FFB9DE6281C9A4300EB4CFC /* Products */ = {
			isa = PBXGroup;
			children = (
				1FFB9DE5281C9A4300EB4CFC /* ikid.app */,
			);
			name = Products;
			sourceTree = "<group>";
		};
		1FFB9DE7281C9A4300EB4CFC /* ikid */ = {
			isa = PBXGroup;
			children = (
				1FFB9DE8281C9A4300EB4CFC /* AppDelegate.swift */,
				1FFB9DEA281C9A4300EB4CFC /* SceneDelegate.swift */,
				1FFB9DEC281C9A4300EB4CFC /* SwitchingViewController.swift */,
				1FFB9DFC281CA28500EB4CFC /* GoodJokeViewController.swift */,
				1FFB9DFE281CA29C00EB4CFC /* PunJokeViewController.swift */,
				1FFB9E00281CA2AF00EB4CFC /* DadJokeViewController.swift */,
				1FFB9E02281E188200EB4CFC /* NextGoodViewController.swift */,
				1FFB9E04281E18F700EB4CFC /* NextPunViewController.swift */,
				1FFB9E06281E190200EB4CFC /* NextDadViewController.swift */,
				1FEF05B9281FAE7700625284 /* KnockJokeViewController.swift */,
				1FEF05BC281FBD3400625284 /* NextKnockViewController.swift */,
				1FFB9DEE281C9A4300EB4CFC /* Main.storyboard */,
				1FFB9DF1281C9A4400EB4CFC /* Assets.xcassets */,
				1FFB9DF3281C9A4400EB4CFC /* LaunchScreen.storyboard */,
				1FFB9DF6281C9A4400EB4CFC /* Info.plist */,
			);
			path = ikid;
			sourceTree = "<group>";
		};
/* End PBXGroup section */

/* Begin PBXNativeTarget section */
		1FFB9DE4281C9A4300EB4CFC /* ikid */ = {
			isa = PBXNativeTarget;
			buildConfigurationList = 1FFB9DF9281C9A4400EB4CFC /* Build configuration list for PBXNativeTarget "ikid" */;
			buildPhases = (
				1FFB9DE1281C9A4300EB4CFC /* Sources */,
				1FFB9DE2281C9A4300EB4CFC /* Frameworks */,
				1FFB9DE3281C9A4300EB4CFC /* Resources */,
			);
			buildRules = (
			);
			dependencies = (
			);
			name = ikid;
			productName = ikid;
			productReference = 1FFB9DE5281C9A4300EB4CFC /* ikid.app */;
			productType = "com.apple.product-type.application";
		};
/* End PBXNativeTarget section */

/* Begin PBXProject section */
		1FFB9DDD281C9A4300EB4CFC /* Project object */ = {
			isa = PBXProject;
			attributes = {
				BuildIndependentTargetsInParallel = 1;
				LastSwiftUpdateCheck = 1330;
				LastUpgradeCheck = 1330;
				TargetAttributes = {
					1FFB9DE4281C9A4300EB4CFC = {
						CreatedOnToolsVersion = 13.3;
					};
				};
			};
			buildConfigurationList = 1FFB9DE0281C9A4300EB4CFC /* Build configuration list for PBXProject "ikid" */;
			compatibilityVersion = "Xcode 13.0";
			developmentRegion = en;
			hasScannedForEncodings = 0;
			knownRegions = (
				en,
				Base,
			);
			mainGroup = 1FFB9DDC281C9A4300EB4CFC;
			productRefGroup = 1FFB9DE6281C9A4300EB4CFC /* Products */;
			projectDirPath = "";
			projectRoot = "";
			targets = (
				1FFB9DE4281C9A4300EB4CFC /* ikid */,
			);
		};
/* End PBXProject section */

/* Begin PBXResourcesBuildPhase section */
		1FFB9DE3281C9A4300EB4CFC /* Resources */ = {
			isa = PBXResourcesBuildPhase;
			buildActionMask = 2147483647;
			files = (
				1FFB9DF5281C9A4400EB4CFC /* LaunchScreen.storyboard in Resources */,
				1FFB9DF2281C9A4400EB4CFC /* Assets.xcassets in Resources */,
				1FFB9DF0281C9A4300EB4CFC /* Main.storyboard in Resources */,
			);
			runOnlyForDeploymentPostprocessing = 0;
		};
/* End PBXResourcesBuildPhase section */

/* Begin PBXSourcesBuildPhase section */
		1FFB9DE1281C9A4300EB4CFC /* Sources */ = {
			isa = PBXSourcesBuildPhase;
			buildActionMask = 2147483647;
			files = (
				1FFB9DFD281CA28500EB4CFC /* GoodJokeViewController.swift in Sources */,
				1FFB9E07281E190200EB4CFC /* NextDadViewController.swift in Sources */,
				1FFB9DED281C9A4300EB4CFC /* SwitchingViewController.swift in Sources */,
				1FFB9E03281E188200EB4CFC /* NextGoodViewController.swift in Sources */,
				1FEF05BA281FAE7700625284 /* KnockJokeViewController.swift in Sources */,
				1FFB9DE9281C9A4300EB4CFC /* AppDelegate.swift in Sources */,
				1FFB9DEB281C9A4300EB4CFC /* SceneDelegate.swift in Sources */,
				1FFB9DFF281CA29C00EB4CFC /* PunJokeViewController.swift in Sources */,
				1FFB9E01281CA2AF00EB4CFC /* DadJokeViewController.swift in Sources */,
				1FFB9E05281E18F700EB4CFC /* NextPunViewController.swift in Sources */,
				1FEF05BD281FBD3400625284 /* NextKnockViewController.swift in Sources */,
			);
			runOnlyForDeploymentPostprocessing = 0;
		};
/* End PBXSourcesBuildPhase section */

/* Begin PBXVariantGroup section */
		1FFB9DEE281C9A4300EB4CFC /* Main.storyboard */ = {
			isa = PBXVariantGroup;
			children = (
				1FFB9DEF281C9A4300EB4CFC /* Base */,
			);
			name = Main.storyboard;
			sourceTree = "<group>";
		};
		1FFB9DF3281C9A4400EB4CFC /* LaunchScreen.storyboard */ = {
			isa = PBXVariantGroup;
			children = (
				1FFB9DF4281C9A4400EB4CFC /* Base */,
			);
			name = LaunchScreen.storyboard;
			sourceTree = "<group>";
		};
/* End PBXVariantGroup section */

/* Begin XCBuildConfiguration section */
		1FFB9DF7281C9A4400EB4CFC /* Debug */ = {
			isa = XCBuildConfiguration;
			buildSettings = {
				ALWAYS_SEARCH_USER_PATHS = NO;
				CLANG_ANALYZER_NONNULL = YES;
				CLANG_ANALYZER_NUMBER_OBJECT_CONVERSION = YES_AGGRESSIVE;
				CLANG_CXX_LANGUAGE_STANDARD = "gnu++17";
				CLANG_ENABLE_MODULES = YES;
				CLANG_ENABLE_OBJC_ARC = YES;
				CLANG_ENABLE_OBJC_WEAK = YES;
				CLANG_WARN_BLOCK_CAPTURE_AUTORELEASING = YES;
				CLANG_WARN_BOOL_CONVERSION = YES;
				CLANG_WARN_COMMA = YES;
				CLANG_WARN_CONSTANT_CONVERSION = YES;
				CLANG_WARN_DEPRECATED_OBJC_IMPLEMENTATIONS = YES;
				CLANG_WARN_DIRECT_OBJC_ISA_USAGE = YES_ERROR;
				CLANG_WARN_DOCUMENTATION_COMMENTS = YES;
				CLANG_WARN_EMPTY_BODY = YES;
				CLANG_WARN_ENUM_CONVERSION = YES;
				CLANG_WARN_INFINITE_RECURSION = YES;
				CLANG_WARN_INT_CONVERSION = YES;
				CLANG_WARN_NON_LITERAL_NULL_CONVERSION = YES;
				CLANG_WARN_OBJC_IMPLICIT_RETAIN_SELF = YES;
				CLANG_WARN_OBJC_LITERAL_CONVERSION = YES;
				CLANG_WARN_OBJC_ROOT_CLASS = YES_ERROR;
				CLANG_WARN_QUOTED_INCLUDE_IN_FRAMEWORK_HEADER = YES;
				CLANG_WARN_RANGE_LOOP_ANALYSIS = YES;
				CLANG_WARN_STRICT_PROTOTYPES = YES;
				CLANG_WARN_SUSPICIOUS_MOVE = YES;
				CLANG_WARN_UNGUARDED_AVAILABILITY = YES_AGGRESSIVE;
				CLANG_WARN_UNREACHABLE_CODE = YES;
				CLANG_WARN__DUPLICATE_METHOD_MATCH = YES;
				COPY_PHASE_STRIP = NO;
				DEBUG_INFORMATION_FORMAT = dwarf;
				ENABLE_STRICT_OBJC_MSGSEND = YES;
				ENABLE_TESTABILITY = YES;
				GCC_C_LANGUAGE_STANDARD = gnu11;
				GCC_DYNAMIC_NO_PIC = NO;
				GCC_NO_COMMON_BLOCKS = YES;
				GCC_OPTIMIZATION_LEVEL = 0;
				GCC_PREPROCESSOR_DEFINITIONS = (
					"DEBUG=1",
					"$(inherited)",
				);
				GCC_WARN_64_TO_32_BIT_CONVERSION = YES;
				GCC_WARN_ABOUT_RETURN_TYPE = YES_ERROR;
				GCC_WARN_UNDECLARED_SELECTOR = YES;
				GCC_WARN_UNINITIALIZED_AUTOS = YES_AGGRESSIVE;
				GCC_WARN_UNUSED_FUNCTION = YES;
				GCC_WARN_UNUSED_VARIABLE = YES;
				IPHONEOS_DEPLOYMENT_TARGET = 15.4;
				MTL_ENABLE_DEBUG_INFO = INCLUDE_SOURCE;
				MTL_FAST_MATH = YES;
				ONLY_ACTIVE_ARCH = YES;
				SDKROOT = iphoneos;
				SWIFT_ACTIVE_COMPILATION_CONDITIONS = DEBUG;
				SWIFT_OPTIMIZATION_LEVEL = "-Onone";
			};
			name = Debug;
		};
		1FFB9DF8281C9A4400EB4CFC /* Release */ = {
			isa = XCBuildConfiguration;
			buildSettings = {
				ALWAYS_SEARCH_USER_PATHS = NO;
				CLANG_ANALYZER_NONNULL = YES;
				CLANG_ANALYZER_NUMBER_OBJECT_CONVERSION = YES_AGGRESSIVE;
				CLANG_CXX_LANGUAGE_STANDARD = "gnu++17";
				CLANG_ENABLE_MODULES = YES;
				CLANG_ENABLE_OBJC_ARC = YES;
				CLANG_ENABLE_OBJC_WEAK = YES;
				CLANG_WARN_BLOCK_CAPTURE_AUTORELEASING = YES;
				CLANG_WARN_BOOL_CONVERSION = YES;
				CLANG_WARN_COMMA = YES;
				CLANG_WARN_CONSTANT_CONVERSION = YES;
				CLANG_WARN_DEPRECATED_OBJC_IMPLEMENTATIONS = YES;
				CLANG_WARN_DIRECT_OBJC_ISA_USAGE = YES_ERROR;
				CLANG_WARN_DOCUMENTATION_COMMENTS = YES;
				CLANG_WARN_EMPTY_BODY = YES;
				CLANG_WARN_ENUM_CONVERSION = YES;
				CLANG_WARN_INFINITE_RECURSION = YES;
				CLANG_WARN_INT_CONVERSION = YES;
				CLANG_WARN_NON_LITERAL_NULL_CONVERSION = YES;
				CLANG_WARN_OBJC_IMPLICIT_RETAIN_SELF = YES;
				CLANG_WARN_OBJC_LITERAL_CONVERSION = YES;
				CLANG_WARN_OBJC_ROOT_CLASS = YES_ERROR;
				CLANG_WARN_QUOTED_INCLUDE_IN_FRAMEWORK_HEADER = YES;
				CLANG_WARN_RANGE_LOOP_ANALYSIS = YES;
				CLANG_WARN_STRICT_PROTOTYPES = YES;
				CLANG_WARN_SUSPICIOUS_MOVE = YES;
				CLANG_WARN_UNGUARDED_AVAILABILITY = YES_AGGRESSIVE;
				CLANG_WARN_UNREACHABLE_CODE = YES;
				CLANG_WARN__DUPLICATE_METHOD_MATCH = YES;
				COPY_PHASE_STRIP = NO;
				DEBUG_INFORMATION_FORMAT = "dwarf-with-dsym";
				ENABLE_NS_ASSERTIONS = NO;
				ENABLE_STRICT_OBJC_MSGSEND = YES;
				GCC_C_LANGUAGE_STANDARD = gnu11;
				GCC_NO_COMMON_BLOCKS = YES;
				GCC_WARN_64_TO_32_BIT_CONVERSION = YES;
				GCC_WARN_ABOUT_RETURN_TYPE = YES_ERROR;
				GCC_WARN_UNDECLARED_SELECTOR = YES;
				GCC_WARN_UNINITIALIZED_AUTOS = YES_AGGRESSIVE;
				GCC_WARN_UNUSED_FUNCTION = YES;
				GCC_WARN_UNUSED_VARIABLE = YES;
				IPHONEOS_DEPLOYMENT_TARGET = 15.4;
				MTL_ENABLE_DEBUG_INFO = NO;
				MTL_FAST_MATH = YES;
				SDKROOT = iphoneos;
				SWIFT_COMPILATION_MODE = wholemodule;
				SWIFT_OPTIMIZATION_LEVEL = "-O";
				VALIDATE_PRODUCT = YES;
			};
			name = Release;
		};
		1FFB9DFA281C9A4400EB4CFC /* Debug */ = {
			isa = XCBuildConfiguration;
			buildSettings = {
				ASSETCATALOG_COMPILER_APPICON_NAME = AppIcon;
				ASSETCATALOG_COMPILER_GLOBAL_ACCENT_COLOR_NAME = AccentColor;
				CODE_SIGN_STYLE = Automatic;
				CURRENT_PROJECT_VERSION = 1;
				DEVELOPMENT_TEAM = 8RQ8TF6XCF;
				GENERATE_INFOPLIST_FILE = YES;
				INFOPLIST_FILE = ikid/Info.plist;
				INFOPLIST_KEY_UIApplicationSupportsIndirectInputEvents = YES;
				INFOPLIST_KEY_UILaunchStoryboardName = LaunchScreen;
				INFOPLIST_KEY_UIMainStoryboardFile = Main;
				INFOPLIST_KEY_UISupportedInterfaceOrientations_iPad = "UIInterfaceOrientationPortrait UIInterfaceOrientationPortraitUpsideDown UIInterfaceOrientationLandscapeLeft UIInterfaceOrientationLandscapeRight";
				INFOPLIST_KEY_UISupportedInterfaceOrientations_iPhone = "UIInterfaceOrientationPortrait UIInterfaceOrientationLandscapeLeft UIInterfaceOrientationLandscapeRight";
				IPHONEOS_DEPLOYMENT_TARGET = 15.4;
				LD_RUNPATH_SEARCH_PATHS = (
					"$(inherited)",
					"@executable_path/Frameworks",
				);
				MARKETING_VERSION = 1.0;
				PRODUCT_BUNDLE_IDENTIFIER = "com.wensi-xu.ikid";
				PRODUCT_NAME = "$(TARGET_NAME)";
				SWIFT_EMIT_LOC_STRINGS = YES;
				SWIFT_VERSION = 5.0;
				TARGETED_DEVICE_FAMILY = "1,2";
			};
			name = Debug;
		};
		1FFB9DFB281C9A4400EB4CFC /* Release */ = {
			isa = XCBuildConfiguration;
			buildSettings = {
				ASSETCATALOG_COMPILER_APPICON_NAME = AppIcon;
				ASSETCATALOG_COMPILER_GLOBAL_ACCENT_COLOR_NAME = AccentColor;
				CODE_SIGN_STYLE = Automatic;
				CURRENT_PROJECT_VERSION = 1;
				DEVELOPMENT_TEAM = 8RQ8TF6XCF;
				GENERATE_INFOPLIST_FILE = YES;
				INFOPLIST_FILE = ikid/Info.plist;
				INFOPLIST_KEY_UIApplicationSupportsIndirectInputEvents = YES;
				INFOPLIST_KEY_UILaunchStoryboardName = LaunchScreen;
				INFOPLIST_KEY_UIMainStoryboardFile = Main;
				INFOPLIST_KEY_UISupportedInterfaceOrientations_iPad = "UIInterfaceOrientationPortrait UIInterfaceOrientationPortraitUpsideDown UIInterfaceOrientationLandscapeLeft UIInterfaceOrientationLandscapeRight";
				INFOPLIST_KEY_UISupportedInterfaceOrientations_iPhone = "UIInterfaceOrientationPortrait UIInterfaceOrientationLandscapeLeft UIInterfaceOrientationLandscapeRight";
				IPHONEOS_DEPLOYMENT_TARGET = 15.4;
				LD_RUNPATH_SEARCH_PATHS = (
					"$(inherited)",
					"@executable_path/Frameworks",
				);
				MARKETING_VERSION = 1.0;
				PRODUCT_BUNDLE_IDENTIFIER = "com.wensi-xu.ikid";
				PRODUCT_NAME = "$(TARGET_NAME)";
				SWIFT_EMIT_LOC_STRINGS = YES;
				SWIFT_VERSION = 5.0;
				TARGETED_DEVICE_FAMILY = "1,2";
			};
			name = Release;
		};
/* End XCBuildConfiguration section */

/* Begin XCConfigurationList section */
		1FFB9DE0281C9A4300EB4CFC /* Build configuration list for PBXProject "ikid" */ = {
			isa = XCConfigurationList;
			buildConfigurations = (
				1FFB9DF7281C9A4400EB4CFC /* Debug */,
				1FFB9DF8281C9A4400EB4CFC /* Release */,
			);
			defaultConfigurationIsVisible = 0;
			defaultConfigurationName = Release;
		};
		1FFB9DF9281C9A4400EB4CFC /* Build configuration list for PBXNativeTarget "ikid" */ = {
			isa = XCConfigurationList;
			buildConfigurations = (
				1FFB9DFA281C9A4400EB4CFC /* Debug */,
				1FFB9DFB281C9A4400EB4CFC /* Release */,
			);
			defaultConfigurationIsVisible = 0;
			defaultConfigurationName = Release;
		};
/* End XCConfigurationList section */
	};
	rootObject = 1FFB9DDD281C9A4300EB4CFC /* Project object */;
}
